// !$*UTF8*$!
{
	archiveVersion = 1;
	classes = {
	};
	objectVersion = 50;
	objects = {

/* Begin PBXBuildFile section */
		54E638E7224C5B85009EB448 /* AppDelegate.swift in Sources */ = {isa = PBXBuildFile; fileRef = 54E638E6224C5B85009EB448 /* AppDelegate.swift */; };
		54E638E9224C5B85009EB448 /* ViewController.swift in Sources */ = {isa = PBXBuildFile; fileRef = 54E638E8224C5B85009EB448 /* ViewController.swift */; };
		54E638EC224C5B85009EB448 /* Main.storyboard in Resources */ = {isa = PBXBuildFile; fileRef = 54E638EA224C5B85009EB448 /* Main.storyboard */; };
		54E638EF224C5B85009EB448 /* Home_Fourniture.xcdatamodeld in Sources */ = {isa = PBXBuildFile; fileRef = 54E638ED224C5B85009EB448 /* Home_Fourniture.xcdatamodeld */; };
		54E638F1224C5B86009EB448 /* Assets.xcassets in Resources */ = {isa = PBXBuildFile; fileRef = 54E638F0224C5B86009EB448 /* Assets.xcassets */; };
		54E638F4224C5B86009EB448 /* LaunchScreen.storyboard in Resources */ = {isa = PBXBuildFile; fileRef = 54E638F2224C5B86009EB448 /* LaunchScreen.storyboard */; };
		54E638FC224C5D4B009EB448 /* FurnitureDetailViewController.swift in Sources */ = {isa = PBXBuildFile; fileRef = 54E638FB224C5D4B009EB448 /* FurnitureDetailViewController.swift */; };
		54E638FE224C5D9F009EB448 /* FurnitureTableViewController.swift in Sources */ = {isa = PBXBuildFile; fileRef = 54E638FD224C5D9F009EB448 /* FurnitureTableViewController.swift */; };
		54E63900224C5E1A009EB448 /* Room.swift in Sources */ = {isa = PBXBuildFile; fileRef = 54E638FF224C5E1A009EB448 /* Room.swift */; };
		54E63902224C5E27009EB448 /* Furniture.swift in Sources */ = {isa = PBXBuildFile; fileRef = 54E63901224C5E27009EB448 /* Furniture.swift */; };
/* End PBXBuildFile section */

/* Begin PBXFileReference section */
		54E638E3224C5B85009EB448 /* Home Fourniture.app */ = {isa = PBXFileReference; explicitFileType = wrapper.application; includeInIndex = 0; path = "Home Fourniture.app"; sourceTree = BUILT_PRODUCTS_DIR; };
		54E638E6224C5B85009EB448 /* AppDelegate.swift */ = {isa = PBXFileReference; lastKnownFileType = sourcecode.swift; path = AppDelegate.swift; sourceTree = "<group>"; };
		54E638E8224C5B85009EB448 /* ViewController.swift */ = {isa = PBXFileReference; lastKnownFileType = sourcecode.swift; path = ViewController.swift; sourceTree = "<group>"; };
		54E638EB224C5B85009EB448 /* Base */ = {isa = PBXFileReference; lastKnownFileType = file.storyboard; name = Base; path = Base.lproj/Main.storyboard; sourceTree = "<group>"; };
		54E638EE224C5B85009EB448 /* Home_Fourniture.xcdatamodel */ = {isa = PBXFileReference; lastKnownFileType = wrapper.xcdatamodel; path = Home_Fourniture.xcdatamodel; sourceTree = "<group>"; };
		54E638F0224C5B86009EB448 /* Assets.xcassets */ = {isa = PBXFileReference; lastKnownFileType = folder.assetcatalog; path = Assets.xcassets; sourceTree = "<group>"; };
		54E638F3224C5B86009EB448 /* Base */ = {isa = PBXFileReference; lastKnownFileType = file.storyboard; name = Base; path = Base.lproj/LaunchScreen.storyboard; sourceTree = "<group>"; };
		54E638F5224C5B86009EB448 /* Info.plist */ = {isa = PBXFileReference; lastKnownFileType = text.plist.xml; path = Info.plist; sourceTree = "<group>"; };
		54E638FB224C5D4B009EB448 /* FurnitureDetailViewController.swift */ = {isa = PBXFileReference; lastKnownFileType = sourcecode.swift; path = FurnitureDetailViewController.swift; sourceTree = "<group>"; };
		54E638FD224C5D9F009EB448 /* FurnitureTableViewController.swift */ = {isa = PBXFileReference; lastKnownFileType = sourcecode.swift; path = FurnitureTableViewController.swift; sourceTree = "<group>"; };
		54E638FF224C5E1A009EB448 /* Room.swift */ = {isa = PBXFileReference; lastKnownFileType = sourcecode.swift; path = Room.swift; sourceTree = "<group>"; };
		54E63901224C5E27009EB448 /* Furniture.swift */ = {isa = PBXFileReference; lastKnownFileType = sourcecode.swift; path = Furniture.swift; sourceTree = "<group>"; };
/* End PBXFileReference section */

/* Begin PBXFrameworksBuildPhase section */
		54E638E0224C5B85009EB448 /* Frameworks */ = {
			isa = PBXFrameworksBuildPhase;
			buildActionMask = 2147483647;
			files = (
			);
			runOnlyForDeploymentPostprocessing = 0;
		};
/* End PBXFrameworksBuildPhase section */

/* Begin PBXGroup section */
		54E638DA224C5B85009EB448 = {
			isa = PBXGroup;
			children = (
				54E638E5224C5B85009EB448 /* Home Fourniture */,
				54E638E4224C5B85009EB448 /* Products */,
			);
			sourceTree = "<group>";
		};
		54E638E4224C5B85009EB448 /* Products */ = {
			isa = PBXGroup;
			children = (
				54E638E3224C5B85009EB448 /* Home Fourniture.app */,
			);
			name = Products;
			sourceTree = "<group>";
		};
		54E638E5224C5B85009EB448 /* Home Fourniture */ = {
			isa = PBXGroup;
			children = (
				54E638E6224C5B85009EB448 /* AppDelegate.swift */,
				54E638E8224C5B85009EB448 /* ViewController.swift */,
				54E638FB224C5D4B009EB448 /* FurnitureDetailViewController.swift */,
				54E638FD224C5D9F009EB448 /* FurnitureTableViewController.swift */,
				54E638FF224C5E1A009EB448 /* Room.swift */,
				54E63901224C5E27009EB448 /* Furniture.swift */,
				54E638EA224C5B85009EB448 /* Main.storyboard */,
				54E638F0224C5B86009EB448 /* Assets.xcassets */,
				54E638F2224C5B86009EB448 /* LaunchScreen.storyboard */,
				54E638F5224C5B86009EB448 /* Info.plist */,
				54E638ED224C5B85009EB448 /* Home_Fourniture.xcdatamodeld */,
			);
			path = "Home Fourniture";
			sourceTree = "<group>";
		};
/* End PBXGroup section */

/* Begin PBXNativeTarget section */
		54E638E2224C5B85009EB448 /* Home Fourniture */ = {
			isa = PBXNativeTarget;
			buildConfigurationList = 54E638F8224C5B86009EB448 /* Build configuration list for PBXNativeTarget "Home Fourniture" */;
			buildPhases = (
				54E638DF224C5B85009EB448 /* Sources */,
				54E638E0224C5B85009EB448 /* Frameworks */,
				54E638E1224C5B85009EB448 /* Resources */,
			);
			buildRules = (
			);
			dependencies = (
			);
			name = "Home Fourniture";
			productName = "Home Fourniture";
			productReference = 54E638E3224C5B85009EB448 /* Home Fourniture.app */;
			productType = "com.apple.product-type.application";
		};
/* End PBXNativeTarget section */

/* Begin PBXProject section */
		54E638DB224C5B85009EB448 /* Project object */ = {
			isa = PBXProject;
			attributes = {
				LastSwiftUpdateCheck = 1010;
				LastUpgradeCheck = 1010;
				ORGANIZATIONNAME = "Ousmane Ouedraogo";
				TargetAttributes = {
					54E638E2224C5B85009EB448 = {
						CreatedOnToolsVersion = 10.1;
					};
				};
			};
			buildConfigurationList = 54E638DE224C5B85009EB448 /* Build configuration list for PBXProject "Home Fourniture" */;
			compatibilityVersion = "Xcode 9.3";
			developmentRegion = en;
			hasScannedForEncodings = 0;
			knownRegions = (
				en,
				Base,
			);
			mainGroup = 54E638DA224C5B85009EB448;
			productRefGroup = 54E638E4224C5B85009EB448 /* Products */;
			projectDirPath = "";
			projectRoot = "";
			targets = (
				54E638E2224C5B85009EB448 /* Home Fourniture */,
			);
		};
/* End PBXProject section */

/* Begin PBXResourcesBuildPhase section */
		54E638E1224C5B85009EB448 /* Resources */ = {
			isa = PBXResourcesBuildPhase;
			buildActionMask = 2147483647;
			files = (
				54E638F4224C5B86009EB448 /* LaunchScreen.storyboard in Resources */,
				54E638F1224C5B86009EB448 /* Assets.xcassets in Resources */,
				54E638EC224C5B85009EB448 /* Main.storyboard in Resources */,
			);
			runOnlyForDeploymentPostprocessing = 0;
		};
/* End PBXResourcesBuildPhase section */

/* Begin PBXSourcesBuildPhase section */
		54E638DF224C5B85009EB448 /* Sources */ = {
			isa = PBXSourcesBuildPhase;
			buildActionMask = 2147483647;
			files = (
				54E638FC224C5D4B009EB448 /* FurnitureDetailViewController.swift in Sources */,
				54E638E9224C5B85009EB448 /* ViewController.swift in Sources */,
				54E63900224C5E1A009EB448 /* Room.swift in Sources */,
				54E638FE224C5D9F009EB448 /* FurnitureTableViewController.swift in Sources */,
				54E638EF224C5B85009EB448 /* Home_Fourniture.xcdatamodeld in Sources */,
				54E638E7224C5B85009EB448 /* AppDelegate.swift in Sources */,
				54E63902224C5E27009EB448 /* Furniture.swift in Sources */,
			);
			runOnlyForDeploymentPostprocessing = 0;
		};
/* End PBXSourcesBuildPhase section */

/* Begin PBXVariantGroup section */
		54E638EA224C5B85009EB448 /* Main.storyboard */ = {
			isa = PBXVariantGroup;
			children = (
				54E638EB224C5B85009EB448 /* Base */,
			);
			name = Main.storyboard;
			sourceTree = "<group>";
		};
		54E638F2224C5B86009EB448 /* LaunchScreen.storyboard */ = {
			isa = PBXVariantGroup;
			children = (
				54E638F3224C5B86009EB448 /* Base */,
			);
			name = LaunchScreen.storyboard;
			sourceTree = "<group>";
		};
/* End PBXVariantGroup section */

/* Begin XCBuildConfiguration section */
		54E638F6224C5B86009EB448 /* Debug */ = {
			isa = XCBuildConfiguration;
			buildSettings = {
				ALWAYS_SEARCH_USER_PATHS = NO;
				CLANG_ANALYZER_NONNULL = YES;
				CLANG_ANALYZER_NUMBER_OBJECT_CONVERSION = YES_AGGRESSIVE;
				CLANG_CXX_LANGUAGE_STANDARD = "gnu++14";
				CLANG_CXX_LIBRARY = "libc++";
				CLANG_ENABLE_MODULES = YES;
				CLANG_ENABLE_OBJC_ARC = YES;
				CLANG_ENABLE_OBJC_WEAK = YES;
				CLANG_WARN_BLOCK_CAPTURE_AUTORELEASING = YES;
				CLANG_WARN_BOOL_CONVERSION = YES;
				CLANG_WARN_COMMA = YES;
				CLANG_WARN_CONSTANT_CONVERSION = YES;
				CLANG_WARN_DEPRECATED_OBJC_IMPLEMENTATIONS = YES;
				CLANG_WARN_DIRECT_OBJC_ISA_USAGE = YES_ERROR;
				CLANG_WARN_DOCUMENTATION_COMMENTS = YES;
				CLANG_WARN_EMPTY_BODY = YES;
				CLANG_WARN_ENUM_CONVERSION = YES;
				CLANG_WARN_INFINITE_RECURSION = YES;
				CLANG_WARN_INT_CONVERSION = YES;
				CLANG_WARN_NON_LITERAL_NULL_CONVERSION = YES;
				CLANG_WARN_OBJC_IMPLICIT_RETAIN_SELF = YES;
				CLANG_WARN_OBJC_LITERAL_CONVERSION = YES;
				CLANG_WARN_OBJC_ROOT_CLASS = YES_ERROR;
				CLANG_WARN_RANGE_LOOP_ANALYSIS = YES;
				CLANG_WARN_STRICT_PROTOTYPES = YES;
				CLANG_WARN_SUSPICIOUS_MOVE = YES;
				CLANG_WARN_UNGUARDED_AVAILABILITY = YES_AGGRESSIVE;
				CLANG_WARN_UNREACHABLE_CODE = YES;
				CLANG_WARN__DUPLICATE_METHOD_MATCH = YES;
				CODE_SIGN_IDENTITY = "iPhone Developer";
				COPY_PHASE_STRIP = NO;
				DEBUG_INFORMATION_FORMAT = dwarf;
				ENABLE_STRICT_OBJC_MSGSEND = YES;
				ENABLE_TESTABILITY = YES;
				GCC_C_LANGUAGE_STANDARD = gnu11;
				GCC_DYNAMIC_NO_PIC = NO;
				GCC_NO_COMMON_BLOCKS = YES;
				GCC_OPTIMIZATION_LEVEL = 0;
				GCC_PREPROCESSOR_DEFINITIONS = (
					"DEBUG=1",
					"$(inherited)",
				);
				GCC_WARN_64_TO_32_BIT_CONVERSION = YES;
				GCC_WARN_ABOUT_RETURN_TYPE = YES_ERROR;
				GCC_WARN_UNDECLARED_SELECTOR = YES;
				GCC_WARN_UNINITIALIZED_AUTOS = YES_AGGRESSIVE;
				GCC_WARN_UNUSED_FUNCTION = YES;
				GCC_WARN_UNUSED_VARIABLE = YES;
				IPHONEOS_DEPLOYMENT_TARGET = 12.1;
				MTL_ENABLE_DEBUG_INFO = INCLUDE_SOURCE;
				MTL_FAST_MATH = YES;
				ONLY_ACTIVE_ARCH = YES;
				SDKROOT = iphoneos;
				SWIFT_ACTIVE_COMPILATION_CONDITIONS = DEBUG;
				SWIFT_OPTIMIZATION_LEVEL = "-Onone";
			};
			name = Debug;
		};
		54E638F7224C5B86009EB448 /* Release */ = {
			isa = XCBuildConfiguration;
			buildSettings = {
				ALWAYS_SEARCH_USER_PATHS = NO;
				CLANG_ANALYZER_NONNULL = YES;
				CLANG_ANALYZER_NUMBER_OBJECT_CONVERSION = YES_AGGRESSIVE;
				CLANG_CXX_LANGUAGE_STANDARD = "gnu++14";
				CLANG_CXX_LIBRARY = "libc++";
				CLANG_ENABLE_MODULES = YES;
				CLANG_ENABLE_OBJC_ARC = YES;
				CLANG_ENABLE_OBJC_WEAK = YES;
				CLANG_WARN_BLOCK_CAPTURE_AUTORELEASING = YES;
				CLANG_WARN_BOOL_CONVERSION = YES;
				CLANG_WARN_COMMA = YES;
				CLANG_WARN_CONSTANT_CONVERSION = YES;
				CLANG_WARN_DEPRECATED_OBJC_IMPLEMENTATIONS = YES;
				CLANG_WARN_DIRECT_OBJC_ISA_USAGE = YES_ERROR;
				CLANG_WARN_DOCUMENTATION_COMMENTS = YES;
				CLANG_WARN_EMPTY_BODY = YES;
				CLANG_WARN_ENUM_CONVERSION = YES;
				CLANG_WARN_INFINITE_RECURSION = YES;
				CLANG_WARN_INT_CONVERSION = YES;
				CLANG_WARN_NON_LITERAL_NULL_CONVERSION = YES;
				CLANG_WARN_OBJC_IMPLICIT_RETAIN_SELF = YES;
				CLANG_WARN_OBJC_LITERAL_CONVERSION = YES;
				CLANG_WARN_OBJC_ROOT_CLASS = YES_ERROR;
				CLANG_WARN_RANGE_LOOP_ANALYSIS = YES;
				CLANG_WARN_STRICT_PROTOTYPES = YES;
				CLANG_WARN_SUSPICIOUS_MOVE = YES;
				CLANG_WARN_UNGUARDED_AVAILABILITY = YES_AGGRESSIVE;
				CLANG_WARN_UNREACHABLE_CODE = YES;
				CLANG_WARN__DUPLICATE_METHOD_MATCH = YES;
				CODE_SIGN_IDENTITY = "iPhone Developer";
				COPY_PHASE_STRIP = NO;
				DEBUG_INFORMATION_FORMAT = "dwarf-with-dsym";
				ENABLE_NS_ASSERTIONS = NO;
				ENABLE_STRICT_OBJC_MSGSEND = YES;
				GCC_C_LANGUAGE_STANDARD = gnu11;
				GCC_NO_COMMON_BLOCKS = YES;
				GCC_WARN_64_TO_32_BIT_CONVERSION = YES;
				GCC_WARN_ABOUT_RETURN_TYPE = YES_ERROR;
				GCC_WARN_UNDECLARED_SELECTOR = YES;
				GCC_WARN_UNINITIALIZED_AUTOS = YES_AGGRESSIVE;
				GCC_WARN_UNUSED_FUNCTION = YES;
				GCC_WARN_UNUSED_VARIABLE = YES;
				IPHONEOS_DEPLOYMENT_TARGET = 12.1;
				MTL_ENABLE_DEBUG_INFO = NO;
				MTL_FAST_MATH = YES;
				SDKROOT = iphoneos;
				SWIFT_COMPILATION_MODE = wholemodule;
				SWIFT_OPTIMIZATION_LEVEL = "-O";
				VALIDATE_PRODUCT = YES;
			};
			name = Release;
		};
		54E638F9224C5B86009EB448 /* Debug */ = {
			isa = XCBuildConfiguration;
			buildSettings = {
				ASSETCATALOG_COMPILER_APPICON_NAME = AppIcon;
				CODE_SIGN_STYLE = Automatic;
				DEVELOPMENT_TEAM = 47U537G273;
				INFOPLIST_FILE = "Home Fourniture/Info.plist";
				LD_RUNPATH_SEARCH_PATHS = (
					"$(inherited)",
					"@executable_path/Frameworks",
				);
				PRODUCT_BUNDLE_IDENTIFIER = "edu.cuny.bmcc.Home-Fourniture";
				PRODUCT_NAME = "$(TARGET_NAME)";
				SWIFT_VERSION = 4.2;
				TARGETED_DEVICE_FAMILY = "1,2";
			};
			name = Debug;
		};
		54E638FA224C5B86009EB448 /* Release */ = {
			isa = XCBuildConfiguration;
			buildSettings = {
				ASSETCATALOG_COMPILER_APPICON_NAME = AppIcon;
				CODE_SIGN_STYLE = Automatic;
				DEVELOPMENT_TEAM = 47U537G273;
				INFOPLIST_FILE = "Home Fourniture/Info.plist";
				LD_RUNPATH_SEARCH_PATHS = (
					"$(inherited)",
					"@executable_path/Frameworks",
				);
				PRODUCT_BUNDLE_IDENTIFIER = "edu.cuny.bmcc.Home-Fourniture";
				PRODUCT_NAME = "$(TARGET_NAME)";
				SWIFT_VERSION = 4.2;
				TARGETED_DEVICE_FAMILY = "1,2";
			};
			name = Release;
		};
/* End XCBuildConfiguration section */

/* Begin XCConfigurationList section */
		54E638DE224C5B85009EB448 /* Build configuration list for PBXProject "Home Fourniture" */ = {
			isa = XCConfigurationList;
			buildConfigurations = (
				54E638F6224C5B86009EB448 /* Debug */,
				54E638F7224C5B86009EB448 /* Release */,
			);
			defaultConfigurationIsVisible = 0;
			defaultConfigurationName = Release;
		};
		54E638F8224C5B86009EB448 /* Build configuration list for PBXNativeTarget "Home Fourniture" */ = {
			isa = XCConfigurationList;
			buildConfigurations = (
				54E638F9224C5B86009EB448 /* Debug */,
				54E638FA224C5B86009EB448 /* Release */,
			);
			defaultConfigurationIsVisible = 0;
			defaultConfigurationName = Release;
		};
/* End XCConfigurationList section */

/* Begin XCVersionGroup section */
		54E638ED224C5B85009EB448 /* Home_Fourniture.xcdatamodeld */ = {
			isa = XCVersionGroup;
			children = (
				54E638EE224C5B85009EB448 /* Home_Fourniture.xcdatamodel */,
			);
			currentVersion = 54E638EE224C5B85009EB448 /* Home_Fourniture.xcdatamodel */;
			path = Home_Fourniture.xcdatamodeld;
			sourceTree = "<group>";
			versionGroupType = wrapper.xcdatamodel;
		};
/* End XCVersionGroup section */
	};
	rootObject = 54E638DB224C5B85009EB448 /* Project object */;
}
